{
  "name": "donkey-horse",
  "version": "0.0.7",
  "lockfileVersion": 3,
  "requires": true,
  "packages": {
    "": {
      "name": "donkey-horse",
      "version": "0.0.7",
      "license": "ISC",
      "workspaces": [
        "packages/fe",
        "packages/be"
      ]
    },
    "node_modules/@donkeyhorse/be": {
      "resolved": "packages/be",
      "link": true
    },
    "node_modules/@donkeyhorse/fe": {
      "resolved": "packages/fe",
      "link": true
    },
    "packages/be": {
      "name": "@donkeyhorse/be",
      "version": "1.0.0",
      "license": "ISC"
    },
    "packages/fe": {
      "name": "@donkeyhorse/fe",
      "version": "1.0.0",
      "license": "ISC"
    }
  }
}
